{
  "projects": [
    {
      "projectId": "seaQhLVS4bbjiGvJJrRwyL",
      "version": "15.0.3",
      "dependencies": {},
      "lang": "js",
      "fileLocks": [
        {
          "assetId": "seaQhLVS4bbjiGvJJrRwyL",
          "type": "projectCss",
          "checksum": "dc88471beadb978e51eb3ceb75d10fdb"
        }
      ]
    },
    {
      "projectId": "ddEyBoC6s7QzXEWuP6YQyw",
      "version": "latest",
      "dependencies": {
        "seaQhLVS4bbjiGvJJrRwyL": "15.0.3"
      },
      "lang": "js",
      "fileLocks": [
        {
          "type": "globalVariant",
          "assetId": "EoE3Hxh8TSUslX",
          "checksum": "aa672817214071d3a264ec2313a932b8"
        },
        {
          "assetId": "ddEyBoC6s7QzXEWuP6YQyw",
          "type": "projectCss",
          "checksum": "c651d541b61c8f4114011b0341fed102"
        },
        {
          "type": "renderModule",
          "assetId": "SSAlYMSZv_wl9",
          "checksum": "667eb29965e0ab14de864aa3abe742aa"
        },
        {
          "type": "cssRules",
          "assetId": "SSAlYMSZv_wl9",
          "checksum": "667eb29965e0ab14de864aa3abe742aa"
        },
        {
          "type": "renderModule",
          "assetId": "lfz4LOOHRoJDa",
          "checksum": "5881d9b00657f49104b9115ae766799f"
        },
        {
          "type": "cssRules",
          "assetId": "lfz4LOOHRoJDa",
          "checksum": "5881d9b00657f49104b9115ae766799f"
        },
        {
          "type": "renderModule",
          "assetId": "9qCasnlDCDDlw",
          "checksum": "646a995e2ddb77b4a058314235afc6ab"
        },
        {
          "type": "cssRules",
          "assetId": "9qCasnlDCDDlw",
          "checksum": "646a995e2ddb77b4a058314235afc6ab"
        },
        {
          "type": "renderModule",
          "assetId": "Z2MyOqJBAuy4j",
          "checksum": "6d912967a392b7d90908079006c7a09a"
        },
        {
          "type": "cssRules",
          "assetId": "Z2MyOqJBAuy4j",
          "checksum": "6d912967a392b7d90908079006c7a09a"
        },
        {
          "type": "renderModule",
          "assetId": "TTXV1NWGuPHmH",
          "checksum": "513a42e30a136d2e07863463653c6324"
        },
        {
          "type": "cssRules",
          "assetId": "TTXV1NWGuPHmH",
          "checksum": "513a42e30a136d2e07863463653c6324"
        },
        {
          "type": "renderModule",
          "assetId": "zvJ6W4Z5HmfR1",
          "checksum": "89c99f68d5f1703db09b43fd8e07f427"
        },
        {
          "type": "cssRules",
          "assetId": "zvJ6W4Z5HmfR1",
          "checksum": "89c99f68d5f1703db09b43fd8e07f427"
        },
        {
          "type": "renderModule",
          "assetId": "xJJgL0x6WV_tx",
          "checksum": "d3b755315cdee26439807f8b7177acc6"
        },
        {
          "type": "cssRules",
          "assetId": "xJJgL0x6WV_tx",
          "checksum": "d3b755315cdee26439807f8b7177acc6"
        },
        {
          "type": "renderModule",
          "assetId": "5nsAC-97wD1kH",
          "checksum": "de715caee5bbdf48b9613d63c5041f32"
        },
        {
          "type": "cssRules",
          "assetId": "5nsAC-97wD1kH",
          "checksum": "de715caee5bbdf48b9613d63c5041f32"
        },
        {
          "type": "renderModule",
          "assetId": "LM7d8jyCc2ljc",
          "checksum": "d711a3b453a1449ad1371006eb6ed5c7"
        },
        {
          "type": "cssRules",
          "assetId": "LM7d8jyCc2ljc",
          "checksum": "d711a3b453a1449ad1371006eb6ed5c7"
        },
        {
          "type": "renderModule",
          "assetId": "Lq77pAfb0MoGNi",
          "checksum": "f11f15a58fd9ac93653b7dd7c0e0b7a1"
        },
        {
          "type": "cssRules",
          "assetId": "Lq77pAfb0MoGNi",
          "checksum": "f11f15a58fd9ac93653b7dd7c0e0b7a1"
        },
        {
          "type": "renderModule",
          "assetId": "7LBBkKIKSO9rew",
          "checksum": "498cb3e249960422f458c07745dc23bf"
        },
        {
          "type": "cssRules",
          "assetId": "7LBBkKIKSO9rew",
          "checksum": "498cb3e249960422f458c07745dc23bf"
        },
        {
          "type": "renderModule",
          "assetId": "zXkIIbZChSGWv2",
          "checksum": "9826321f9482a47fe7f3a78eb0eba812"
        },
        {
          "type": "cssRules",
          "assetId": "zXkIIbZChSGWv2",
          "checksum": "9826321f9482a47fe7f3a78eb0eba812"
        },
        {
          "type": "renderModule",
          "assetId": "T_w4bTg5lQRFO8",
          "checksum": "000ec368deaccac073c01ea29b7ad95f"
        },
        {
          "type": "cssRules",
          "assetId": "T_w4bTg5lQRFO8",
          "checksum": "000ec368deaccac073c01ea29b7ad95f"
        },
        {
          "type": "renderModule",
          "assetId": "IjeG-CWEE6d9j_",
          "checksum": "bba3e18221c607939286880c888ffc82"
        },
        {
          "type": "cssRules",
          "assetId": "IjeG-CWEE6d9j_",
          "checksum": "bba3e18221c607939286880c888ffc82"
        },
        {
          "type": "renderModule",
          "assetId": "QYB_9BZQBeRLdI",
          "checksum": "c1000304163876946b9371141fc9652c"
        },
        {
          "type": "cssRules",
          "assetId": "QYB_9BZQBeRLdI",
          "checksum": "c1000304163876946b9371141fc9652c"
        },
        {
          "type": "renderModule",
          "assetId": "uCf9zOyh2sQ59H",
          "checksum": "b4dce00ce17173c67e8aaff691d9bb36"
        },
        {
          "type": "cssRules",
          "assetId": "uCf9zOyh2sQ59H",
          "checksum": "b4dce00ce17173c67e8aaff691d9bb36"
        },
        {
          "type": "renderModule",
          "assetId": "g8cVrrxqkKHrUn",
          "checksum": "f03ad08b6f679ff4e325851e4dd46e18"
        },
        {
          "type": "cssRules",
          "assetId": "g8cVrrxqkKHrUn",
          "checksum": "f03ad08b6f679ff4e325851e4dd46e18"
        },
        {
          "type": "icon",
          "assetId": "P7NSzWY8mMtZkl",
          "checksum": "cef6ea8c3015af737c98bcc83618e7d6"
        },
        {
          "type": "icon",
          "assetId": "LkoW9xPxiN9kSe",
          "checksum": "3db0a1d6cfcc4f889fcb3d7d5c7b54fe"
        },
        {
          "type": "icon",
          "assetId": "uhHB70_U2BBbtH",
          "checksum": "a1f46edd20af1d6c2669cf55274a15b8"
        },
        {
          "type": "icon",
          "assetId": "sEYT6d7xpVOHbx",
          "checksum": "1570016b8e202ec45d6773b56ce8ca09"
        },
        {
          "type": "icon",
          "assetId": "4jQjQBMhDznKQI",
          "checksum": "d0bc51d463ae619e3b407a94cc8218bb"
        },
        {
          "type": "icon",
          "assetId": "_n33xcMEkLmMP7",
          "checksum": "1b5b4ddcce2e44d8033fb792ad40cb20"
        },
        {
          "type": "icon",
          "assetId": "4vaORvBEYucytO",
          "checksum": "673181af09741061a22c46f9bc6e9110"
        },
        {
          "type": "icon",
          "assetId": "JWtc49P6dX-7l1",
          "checksum": "240c2d9db0605acd1303e71b2853639c"
        },
        {
          "type": "icon",
          "assetId": "3uHJTg8kjUp7Qe",
          "checksum": "796b8b18c794d785cd92cfb9bd4dc86c"
        },
        {
          "type": "icon",
          "assetId": "CIjIpazzpYtDOJ",
          "checksum": "be019731e694f06fa960055d950c64e0"
        },
        {
          "type": "icon",
          "assetId": "kVhAW1fYPOM41G",
          "checksum": "69d70351c08512ee33dcf3d239a6b5d8"
        },
        {
          "type": "icon",
          "assetId": "jv7zpQdT2eRtrP",
          "checksum": "e7aea6819e28d65b6cee3e23b0ec98cd"
        },
        {
          "type": "icon",
          "assetId": "tpIm5dmN2iNr_L",
          "checksum": "c9da85d15ede0c448cd532e4495c64fb"
        },
        {
          "type": "icon",
          "assetId": "ColzOCZ2pBcLT0",
          "checksum": "11092dc22b87e66306b3f28e7ad7973b"
        },
        {
          "type": "icon",
          "assetId": "r60biLMjZfcgcw",
          "checksum": "1ce9d0e141bd6f17accc35578069d353"
        },
        {
          "type": "icon",
          "assetId": "CcobSb14UM_DOQ",
          "checksum": "359f9f8c86a3fb79a226bfa3cc32ed70"
        },
        {
          "type": "icon",
          "assetId": "srxBS8Xi9A7Tih",
          "checksum": "3926288ec3f4728898559ddf8b8bbc30"
        },
        {
          "type": "icon",
          "assetId": "kAzPww6pGCCo-E",
          "checksum": "c8569028063bfe323b5d211725d2bdcd"
        },
        {
          "type": "icon",
          "assetId": "-xfoK-oFqcqDW7",
          "checksum": "8fe82dc165b7a2c85474a22a1ff2c0b6"
        },
        {
          "type": "image",
          "assetId": "sZjDALX1q1dbMx",
          "checksum": "0993262fa11d778e10b2c3920273b6eb"
        },
        {
          "type": "image",
          "assetId": "xz0s6AweGqzvAV",
          "checksum": "0dc8a73bfe2e0c976ef663a7120dcd09"
        },
        {
          "type": "image",
          "assetId": "vTdC10MlNy5H3U",
          "checksum": "fff1b088673e2b9b2fa145c3666095f5"
        },
        {
          "type": "image",
          "assetId": "JkITbshkazNd29",
          "checksum": "1dfa040cc0fdfd48925c62e88cf80771"
        }
      ]
    }
  ],
  "cliVersion": "0.1.153"
}
